// !$*UTF8*$!
{
	archiveVersion = 1;
	classes = {
	};
	objectVersion = 60;
	objects = {

/* Begin PBXBuildFile section */
		74214FAC2F6418BE00338F5F /* ActivitiesView.swift in Sources */ = {isa = PBXBuildFile; fileRef = 74214F8A2F6418BE00338F5F /* ActivitiesView.swift */; };
		74214FAD2F6418BE00338F5F /* AppDelegate.swift in Sources */ = {isa = PBXBuildFile; fileRef = 74214F8B2F6418BE00338F5F /* AppDelegate.swift */; };
		74214FAE2F6418BE00338F5F /* AppStorage.swift in Sources */ = {isa = PBXBuildFile; fileRef = 74214F8C2F6418BE00338F5F /* AppStorage.swift */; };
		74214FAF2F6418BE00338F5F /* ArtisticExpressionView.swift in Sources */ = {isa = PBXBuildFile; fileRef = 74214F8D2F6418BE00338F5F /* ArtisticExpressionView.swift */; };
		74214FB02F6418BE00338F5F /* ArtisticExpressionViewModel.swift in Sources */ = {isa = PBXBuildFile; fileRef = 74214F8E2F6418BE00338F5F /* ArtisticExpressionViewModel.swift */; };
		74214FB12F6418BE00338F5F /* Color+Theme.swift in Sources */ = {isa = PBXBuildFile; fileRef = 74214F902F6418BE00338F5F /* Color+Theme.swift */; };
		74214FB22F6418BE00338F5F /* ContentView.swift in Sources */ = {isa = PBXBuildFile; fileRef = 74214F912F6418BE00338F5F /* ContentView.swift */; };
		74214FB32F6418BE00338F5F /* DiscoverView.swift in Sources */ = {isa = PBXBuildFile; fileRef = 74214F922F6418BE00338F5F /* DiscoverView.swift */; };
		74214FB42F6418BE00338F5F /* DrawingGalleryView.swift in Sources */ = {isa = PBXBuildFile; fileRef = 74214F932F6418BE00338F5F /* DrawingGalleryView.swift */; };
		74214FB52F6418BE00338F5F /* FocusTimerView.swift in Sources */ = {isa = PBXBuildFile; fileRef = 74214F942F6418BE00338F5F /* FocusTimerView.swift */; };
		74214FB62F6418BE00338F5F /* GratitudeFlowView.swift in Sources */ = {isa = PBXBuildFile; fileRef = 74214F952F6418BE00338F5F /* GratitudeFlowView.swift */; };
		74214FB72F6418BE00338F5F /* GratitudeFlowViewModel.swift in Sources */ = {isa = PBXBuildFile; fileRef = 74214F962F6418BE00338F5F /* GratitudeFlowViewModel.swift */; };
		74214FB82F6418BE00338F5F /* GroundingStepsView.swift in Sources */ = {isa = PBXBuildFile; fileRef = 74214F972F6418BE00338F5F /* GroundingStepsView.swift */; };
		74214FB92F6418BE00338F5F /* GroundingStepsViewModel.swift in Sources */ = {isa = PBXBuildFile; fileRef = 74214F982F6418BE00338F5F /* GroundingStepsViewModel.swift */; };
		74214FBA2F6418BE00338F5F /* MainTabView.swift in Sources */ = {isa = PBXBuildFile; fileRef = 74214F9E2F6418BE00338F5F /* MainTabView.swift */; };
		74214FBB2F6418BE00338F5F /* MindfulJourneyView.swift in Sources */ = {isa = PBXBuildFile; fileRef = 74214F9F2F6418BE00338F5F /* MindfulJourneyView.swift */; };
		74214FBC2F6418BE00338F5F /* MindfulJourneyViewModel.swift in Sources */ = {isa = PBXBuildFile; fileRef = 74214FA02F6418BE00338F5F /* MindfulJourneyViewModel.swift */; };
		74214FBD2F6418BE00338F5F /* MoodDiaryView.swift in Sources */ = {isa = PBXBuildFile; fileRef = 74214FA12F6418BE00338F5F /* MoodDiaryView.swift */; };
		74214FBE2F6418BE00338F5F /* NatureHarmonyView.swift in Sources */ = {isa = PBXBuildFile; fileRef = 74214FA22F6418BE00338F5F /* NatureHarmonyView.swift */; };
		74214FBF2F6418BE00338F5F /* NatureHarmonyViewModel.swift in Sources */ = {isa = PBXBuildFile; fileRef = 74214FA32F6418BE00338F5F /* NatureHarmonyViewModel.swift */; };
		74214FC02F6418BE00338F5F /* OnboardingView.swift in Sources */ = {isa = PBXBuildFile; fileRef = 74214FA42F6418BE00338F5F /* OnboardingView.swift */; };
		74214FC12F6418BE00338F5F /* ProfileView.swift in Sources */ = {isa = PBXBuildFile; fileRef = 74214FA52F6418BE00338F5F /* ProfileView.swift */; };
		74214FC22F6418BE00338F5F /* ResultView.swift in Sources */ = {isa = PBXBuildFile; fileRef = 74214FA62F6418BE00338F5F /* ResultView.swift */; };
		74214FC32F6418BE00338F5F /* SceneDelegate.swift in Sources */ = {isa = PBXBuildFile; fileRef = 74214FA72F6418BE00338F5F /* SceneDelegate.swift */; };
		74214FC42F6418BE00338F5F /* SettingsView.swift in Sources */ = {isa = PBXBuildFile; fileRef = 74214FA82F6418BE00338F5F /* SettingsView.swift */; };
		74214FC52F6418BE00338F5F /* View+Styling.swift in Sources */ = {isa = PBXBuildFile; fileRef = 74214FA92F6418BE00338F5F /* View+Styling.swift */; };
		74214FC62F6418BE00338F5F /* ViewController.swift in Sources */ = {isa = PBXBuildFile; fileRef = 74214FAA2F6418BE00338F5F /* ViewController.swift */; };
		74214FC72F6418BE00338F5F /* Assets.xcassets in Resources */ = {isa = PBXBuildFile; fileRef = 74214F8F2F6418BE00338F5F /* Assets.xcassets */; };
		74214FC92F6418BE00338F5F /* LaunchScreen.storyboard in Resources */ = {isa = PBXBuildFile; fileRef = 74214F9B2F6418BE00338F5F /* LaunchScreen.storyboard */; };
		74214FCA2F6418BE00338F5F /* Main.storyboard in Resources */ = {isa = PBXBuildFile; fileRef = 74214F9D2F6418BE00338F5F /* Main.storyboard */; };
/* End PBXBuildFile section */

/* Begin PBXFileReference section */
		74214F8A2F6418BE00338F5F /* ActivitiesView.swift */ = {isa = PBXFileReference; lastKnownFileType = sourcecode.swift; path = ActivitiesView.swift; sourceTree = "<group>"; };
		74214F8B2F6418BE00338F5F /* AppDelegate.swift */ = {isa = PBXFileReference; lastKnownFileType = sourcecode.swift; path = AppDelegate.swift; sourceTree = "<group>"; };
		74214F8C2F6418BE00338F5F /* AppStorage.swift */ = {isa = PBXFileReference; lastKnownFileType = sourcecode.swift; path = AppStorage.swift; sourceTree = "<group>"; };
		74214F8D2F6418BE00338F5F /* ArtisticExpressionView.swift */ = {isa = PBXFileReference; lastKnownFileType = sourcecode.swift; path = ArtisticExpressionView.swift; sourceTree = "<group>"; };
		74214F8E2F6418BE00338F5F /* ArtisticExpressionViewModel.swift */ = {isa = PBXFileReference; lastKnownFileType = sourcecode.swift; path = ArtisticExpressionViewModel.swift; sourceTree = "<group>"; };
		74214F8F2F6418BE00338F5F /* Assets.xcassets */ = {isa = PBXFileReference; lastKnownFileType = folder.assetcatalog; path = Assets.xcassets; sourceTree = "<group>"; };
		74214F902F6418BE00338F5F /* Color+Theme.swift */ = {isa = PBXFileReference; lastKnownFileType = sourcecode.swift; path = "Color+Theme.swift"; sourceTree = "<group>"; };
		74214F912F6418BE00338F5F /* ContentView.swift */ = {isa = PBXFileReference; lastKnownFileType = sourcecode.swift; path = ContentView.swift; sourceTree = "<group>"; };
		74214F922F6418BE00338F5F /* DiscoverView.swift */ = {isa = PBXFileReference; lastKnownFileType = sourcecode.swift; path = DiscoverView.swift; sourceTree = "<group>"; };
		74214F932F6418BE00338F5F /* DrawingGalleryView.swift */ = {isa = PBXFileReference; lastKnownFileType = sourcecode.swift; path = DrawingGalleryView.swift; sourceTree = "<group>"; };
		74214F942F6418BE00338F5F /* FocusTimerView.swift */ = {isa = PBXFileReference; lastKnownFileType = sourcecode.swift; path = FocusTimerView.swift; sourceTree = "<group>"; };
		74214F952F6418BE00338F5F /* GratitudeFlowView.swift */ = {isa = PBXFileReference; lastKnownFileType = sourcecode.swift; path = GratitudeFlowView.swift; sourceTree = "<group>"; };
		74214F962F6418BE00338F5F /* GratitudeFlowViewModel.swift */ = {isa = PBXFileReference; lastKnownFileType = sourcecode.swift; path = GratitudeFlowViewModel.swift; sourceTree = "<group>"; };
		74214F972F6418BE00338F5F /* GroundingStepsView.swift */ = {isa = PBXFileReference; lastKnownFileType = sourcecode.swift; path = GroundingStepsView.swift; sourceTree = "<group>"; };
		74214F982F6418BE00338F5F /* GroundingStepsViewModel.swift */ = {isa = PBXFileReference; lastKnownFileType = sourcecode.swift; path = GroundingStepsViewModel.swift; sourceTree = "<group>"; };
		74214F992F6418BE00338F5F /* Info.plist */ = {isa = PBXFileReference; lastKnownFileType = text.plist.xml; path = Info.plist; sourceTree = "<group>"; };
		74214F9A2F6418BE00338F5F /* Base */ = {isa = PBXFileReference; lastKnownFileType = file.storyboard; name = Base; path = Base.lproj/LaunchScreen.storyboard; sourceTree = "<group>"; };
		74214F9C2F6418BE00338F5F /* Base */ = {isa = PBXFileReference; lastKnownFileType = file.storyboard; name = Base; path = Base.lproj/Main.storyboard; sourceTree = "<group>"; };
		74214F9E2F6418BE00338F5F /* MainTabView.swift */ = {isa = PBXFileReference; lastKnownFileType = sourcecode.swift; path = MainTabView.swift; sourceTree = "<group>"; };
		74214F9F2F6418BE00338F5F /* MindfulJourneyView.swift */ = {isa = PBXFileReference; lastKnownFileType = sourcecode.swift; path = MindfulJourneyView.swift; sourceTree = "<group>"; };
		74214FA02F6418BE00338F5F /* MindfulJourneyViewModel.swift */ = {isa = PBXFileReference; lastKnownFileType = sourcecode.swift; path = MindfulJourneyViewModel.swift; sourceTree = "<group>"; };
		74214FA12F6418BE00338F5F /* MoodDiaryView.swift */ = {isa = PBXFileReference; lastKnownFileType = sourcecode.swift; path = MoodDiaryView.swift; sourceTree = "<group>"; };
		74214FA22F6418BE00338F5F /* NatureHarmonyView.swift */ = {isa = PBXFileReference; lastKnownFileType = sourcecode.swift; path = NatureHarmonyView.swift; sourceTree = "<group>"; };
		74214FA32F6418BE00338F5F /* NatureHarmonyViewModel.swift */ = {isa = PBXFileReference; lastKnownFileType = sourcecode.swift; path = NatureHarmonyViewModel.swift; sourceTree = "<group>"; };
		74214FA42F6418BE00338F5F /* OnboardingView.swift */ = {isa = PBXFileReference; lastKnownFileType = sourcecode.swift; path = OnboardingView.swift; sourceTree = "<group>"; };
		74214FA52F6418BE00338F5F /* ProfileView.swift */ = {isa = PBXFileReference; lastKnownFileType = sourcecode.swift; path = ProfileView.swift; sourceTree = "<group>"; };
		74214FA62F6418BE00338F5F /* ResultView.swift */ = {isa = PBXFileReference; lastKnownFileType = sourcecode.swift; path = ResultView.swift; sourceTree = "<group>"; };
		74214FA72F6418BE00338F5F /* SceneDelegate.swift */ = {isa = PBXFileReference; lastKnownFileType = sourcecode.swift; path = SceneDelegate.swift; sourceTree = "<group>"; };
		74214FA82F6418BE00338F5F /* SettingsView.swift */ = {isa = PBXFileReference; lastKnownFileType = sourcecode.swift; path = SettingsView.swift; sourceTree = "<group>"; };
		74214FA92F6418BE00338F5F /* View+Styling.swift */ = {isa = PBXFileReference; lastKnownFileType = sourcecode.swift; path = "View+Styling.swift"; sourceTree = "<group>"; };
		74214FAA2F6418BE00338F5F /* ViewController.swift */ = {isa = PBXFileReference; lastKnownFileType = sourcecode.swift; path = ViewController.swift; sourceTree = "<group>"; };
		7481780A2F5B5645008BA5CC /* Xenniflen Trancrexfan.app */ = {isa = PBXFileReference; explicitFileType = wrapper.application; includeInIndex = 0; path = "Xenniflen Trancrexfan.app"; sourceTree = BUILT_PRODUCTS_DIR; };
		A6E1B91B348D424BD577AD5C /* Pods-Xenniflen Trancrexfan.debug.xcconfig */ = {isa = PBXFileReference; includeInIndex = 1; lastKnownFileType = text.xcconfig; name = "Pods-Xenniflen Trancrexfan.debug.xcconfig"; path = "Target Support Files/Pods-Xenniflen Trancrexfan/Pods-Xenniflen Trancrexfan.debug.xcconfig"; sourceTree = "<group>"; };
		BD064EA59D77F75846B2986B /* Pods-Xenniflen Trancrexfan.release.xcconfig */ = {isa = PBXFileReference; includeInIndex = 1; lastKnownFileType = text.xcconfig; name = "Pods-Xenniflen Trancrexfan.release.xcconfig"; path = "Target Support Files/Pods-Xenniflen Trancrexfan/Pods-Xenniflen Trancrexfan.release.xcconfig"; sourceTree = "<group>"; };
		D7D4535C1285C9BB7724E6A5 /* Pods_Xenniflen_Trancrexfan.framework */ = {isa = PBXFileReference; explicitFileType = wrapper.framework; includeInIndex = 0; path = Pods_Xenniflen_Trancrexfan.framework; sourceTree = BUILT_PRODUCTS_DIR; };
/* End PBXFileReference section */

/* Begin PBXFrameworksBuildPhase section */
		748178072F5B5645008BA5CC /* Frameworks */ = {
			isa = PBXFrameworksBuildPhase;
			buildActionMask = 2147483647;
			files = (
			);
			runOnlyForDeploymentPostprocessing = 0;
		};
/* End PBXFrameworksBuildPhase section */

/* Begin PBXGroup section */
		74214FAB2F6418BE00338F5F /* Xenniflen Trancrexfan */ = {
			isa = PBXGroup;
			children = (
				74214F8A2F6418BE00338F5F /* ActivitiesView.swift */,
				74214F8B2F6418BE00338F5F /* AppDelegate.swift */,
				74214F8C2F6418BE00338F5F /* AppStorage.swift */,
				74214F8D2F6418BE00338F5F /* ArtisticExpressionView.swift */,
				74214F8E2F6418BE00338F5F /* ArtisticExpressionViewModel.swift */,
				74214F8F2F6418BE00338F5F /* Assets.xcassets */,
				74214F902F6418BE00338F5F /* Color+Theme.swift */,
				74214F912F6418BE00338F5F /* ContentView.swift */,
				74214F922F6418BE00338F5F /* DiscoverView.swift */,
				74214F932F6418BE00338F5F /* DrawingGalleryView.swift */,
				74214F942F6418BE00338F5F /* FocusTimerView.swift */,
				74214F952F6418BE00338F5F /* GratitudeFlowView.swift */,
				74214F962F6418BE00338F5F /* GratitudeFlowViewModel.swift */,
				74214F972F6418BE00338F5F /* GroundingStepsView.swift */,
				74214F982F6418BE00338F5F /* GroundingStepsViewModel.swift */,
				74214F992F6418BE00338F5F /* Info.plist */,
				74214F9B2F6418BE00338F5F /* LaunchScreen.storyboard */,
				74214F9D2F6418BE00338F5F /* Main.storyboard */,
				74214F9E2F6418BE00338F5F /* MainTabView.swift */,
				74214F9F2F6418BE00338F5F /* MindfulJourneyView.swift */,
				74214FA02F6418BE00338F5F /* MindfulJourneyViewModel.swift */,
				74214FA12F6418BE00338F5F /* MoodDiaryView.swift */,
				74214FA22F6418BE00338F5F /* NatureHarmonyView.swift */,
				74214FA32F6418BE00338F5F /* NatureHarmonyViewModel.swift */,
				74214FA42F6418BE00338F5F /* OnboardingView.swift */,
				74214FA52F6418BE00338F5F /* ProfileView.swift */,
				74214FA62F6418BE00338F5F /* ResultView.swift */,
				74214FA72F6418BE00338F5F /* SceneDelegate.swift */,
				74214FA82F6418BE00338F5F /* SettingsView.swift */,
				74214FA92F6418BE00338F5F /* View+Styling.swift */,
				74214FAA2F6418BE00338F5F /* ViewController.swift */,
			);
			path = "Xenniflen Trancrexfan";
			sourceTree = "<group>";
		};
		748178012F5B5645008BA5CC = {
			isa = PBXGroup;
			children = (
				74214FAB2F6418BE00338F5F /* Xenniflen Trancrexfan */,
				7481780B2F5B5645008BA5CC /* Products */,
				8B0E5A54AAE62913B2C79E30 /* Pods */,
				96AFAD65A3E7F02FF829909A /* Frameworks */,
			);
			sourceTree = "<group>";
		};
		7481780B2F5B5645008BA5CC /* Products */ = {
			isa = PBXGroup;
			children = (
				7481780A2F5B5645008BA5CC /* Xenniflen Trancrexfan.app */,
			);
			name = Products;
			sourceTree = "<group>";
		};
		8B0E5A54AAE62913B2C79E30 /* Pods */ = {
			isa = PBXGroup;
			children = (
				A6E1B91B348D424BD577AD5C /* Pods-Xenniflen Trancrexfan.debug.xcconfig */,
				BD064EA59D77F75846B2986B /* Pods-Xenniflen Trancrexfan.release.xcconfig */,
			);
			path = Pods;
			sourceTree = "<group>";
		};
		96AFAD65A3E7F02FF829909A /* Frameworks */ = {
			isa = PBXGroup;
			children = (
				D7D4535C1285C9BB7724E6A5 /* Pods_Xenniflen_Trancrexfan.framework */,
			);
			name = Frameworks;
			sourceTree = "<group>";
		};
/* End PBXGroup section */

/* Begin PBXNativeTarget section */
		748178092F5B5645008BA5CC /* Xenniflen Trancrexfan */ = {
			isa = PBXNativeTarget;
			buildConfigurationList = 7481781D2F5B5646008BA5CC /* Build configuration list for PBXNativeTarget "Xenniflen Trancrexfan" */;
			buildPhases = (
				B203E309228E1B6FC1FB6872 /* [CP] Check Pods Manifest.lock */,
				748178062F5B5645008BA5CC /* Sources */,
				748178072F5B5645008BA5CC /* Frameworks */,
				748178082F5B5645008BA5CC /* Resources */,
			);
			buildRules = (
			);
			dependencies = (
			);
			name = "Xenniflen Trancrexfan";
			productName = "Xenniflen Trancrexfan";
			productReference = 7481780A2F5B5645008BA5CC /* Xenniflen Trancrexfan.app */;
			productType = "com.apple.product-type.application";
		};
/* End PBXNativeTarget section */

/* Begin PBXProject section */
		748178022F5B5645008BA5CC /* Project object */ = {
			isa = PBXProject;
			attributes = {
				BuildIndependentTargetsInParallel = 1;
				LastSwiftUpdateCheck = 2620;
				LastUpgradeCheck = 2620;
				TargetAttributes = {
					748178092F5B5645008BA5CC = {
						CreatedOnToolsVersion = 26.2;
					};
				};
			};
			buildConfigurationList = 748178052F5B5645008BA5CC /* Build configuration list for PBXProject "Xenniflen Trancrexfan" */;
			compatibilityVersion = "Xcode 15.0";
			developmentRegion = en;
			hasScannedForEncodings = 0;
			knownRegions = (
				en,
				Base,
			);
			mainGroup = 748178012F5B5645008BA5CC;
			productRefGroup = 7481780B2F5B5645008BA5CC /* Products */;
			projectDirPath = "";
			projectRoot = "";
			targets = (
				748178092F5B5645008BA5CC /* Xenniflen Trancrexfan */,
			);
		};
/* End PBXProject section */

/* Begin PBXResourcesBuildPhase section */
		748178082F5B5645008BA5CC /* Resources */ = {
			isa = PBXResourcesBuildPhase;
			buildActionMask = 2147483647;
			files = (
				74214FC72F6418BE00338F5F /* Assets.xcassets in Resources */,
				74214FC92F6418BE00338F5F /* LaunchScreen.storyboard in Resources */,
				74214FCA2F6418BE00338F5F /* Main.storyboard in Resources */,
			);
			runOnlyForDeploymentPostprocessing = 0;
		};
/* End PBXResourcesBuildPhase section */

/* Begin PBXShellScriptBuildPhase section */
		B203E309228E1B6FC1FB6872 /* [CP] Check Pods Manifest.lock */ = {
			isa = PBXShellScriptBuildPhase;
			buildActionMask = 2147483647;
			files = (
			);
			inputFileListPaths = (
			);
			inputPaths = (
				"${PODS_PODFILE_DIR_PATH}/Podfile.lock",
				"${PODS_ROOT}/Manifest.lock",
			);
			name = "[CP] Check Pods Manifest.lock";
			outputFileListPaths = (
			);
			outputPaths = (
				"$(DERIVED_FILE_DIR)/Pods-Xenniflen Trancrexfan-checkManifestLockResult.txt",
			);
			runOnlyForDeploymentPostprocessing = 0;
			shellPath = /bin/sh;
			shellScript = "diff \"${PODS_PODFILE_DIR_PATH}/Podfile.lock\" \"${PODS_ROOT}/Manifest.lock\" > /dev/null\nif [ $? != 0 ] ; then\n    # print error to STDERR\n    echo \"error: The sandbox is not in sync with the Podfile.lock. Run 'pod install' or update your CocoaPods installation.\" >&2\n    exit 1\nfi\n# This output is used by Xcode 'outputs' to avoid re-running this script phase.\necho \"SUCCESS\" > \"${SCRIPT_OUTPUT_FILE_0}\"\n";
			showEnvVarsInLog = 0;
		};
/* End PBXShellScriptBuildPhase section */

/* Begin PBXSourcesBuildPhase section */
		748178062F5B5645008BA5CC /* Sources */ = {
			isa = PBXSourcesBuildPhase;
			buildActionMask = 2147483647;
			files = (
				74214FAC2F6418BE00338F5F /* ActivitiesView.swift in Sources */,
				74214FAD2F6418BE00338F5F /* AppDelegate.swift in Sources */,
				74214FAE2F6418BE00338F5F /* AppStorage.swift in Sources */,
				74214FAF2F6418BE00338F5F /* ArtisticExpressionView.swift in Sources */,
				74214FB02F6418BE00338F5F /* ArtisticExpressionViewModel.swift in Sources */,
				74214FB12F6418BE00338F5F /* Color+Theme.swift in Sources */,
				74214FB22F6418BE00338F5F /* ContentView.swift in Sources */,
				74214FB32F6418BE00338F5F /* DiscoverView.swift in Sources */,
				74214FB42F6418BE00338F5F /* DrawingGalleryView.swift in Sources */,
				74214FB52F6418BE00338F5F /* FocusTimerView.swift in Sources */,
				74214FB62F6418BE00338F5F /* GratitudeFlowView.swift in Sources */,
				74214FB72F6418BE00338F5F /* GratitudeFlowViewModel.swift in Sources */,
				74214FB82F6418BE00338F5F /* GroundingStepsView.swift in Sources */,
				74214FB92F6418BE00338F5F /* GroundingStepsViewModel.swift in Sources */,
				74214FBA2F6418BE00338F5F /* MainTabView.swift in Sources */,
				74214FBB2F6418BE00338F5F /* MindfulJourneyView.swift in Sources */,
				74214FBC2F6418BE00338F5F /* MindfulJourneyViewModel.swift in Sources */,
				74214FBD2F6418BE00338F5F /* MoodDiaryView.swift in Sources */,
				74214FBE2F6418BE00338F5F /* NatureHarmonyView.swift in Sources */,
				74214FBF2F6418BE00338F5F /* NatureHarmonyViewModel.swift in Sources */,
				74214FC02F6418BE00338F5F /* OnboardingView.swift in Sources */,
				74214FC12F6418BE00338F5F /* ProfileView.swift in Sources */,
				74214FC22F6418BE00338F5F /* ResultView.swift in Sources */,
				74214FC32F6418BE00338F5F /* SceneDelegate.swift in Sources */,
				74214FC42F6418BE00338F5F /* SettingsView.swift in Sources */,
				74214FC52F6418BE00338F5F /* View+Styling.swift in Sources */,
				74214FC62F6418BE00338F5F /* ViewController.swift in Sources */,
			);
			runOnlyForDeploymentPostprocessing = 0;
		};
/* End PBXSourcesBuildPhase section */

/* Begin PBXVariantGroup section */
		74214F9B2F6418BE00338F5F /* LaunchScreen.storyboard */ = {
			isa = PBXVariantGroup;
			children = (
				74214F9A2F6418BE00338F5F /* Base */,
			);
			name = LaunchScreen.storyboard;
			sourceTree = "<group>";
		};
		74214F9D2F6418BE00338F5F /* Main.storyboard */ = {
			isa = PBXVariantGroup;
			children = (
				74214F9C2F6418BE00338F5F /* Base */,
			);
			name = Main.storyboard;
			sourceTree = "<group>";
		};
/* End PBXVariantGroup section */

/* Begin XCBuildConfiguration section */
		7481781E2F5B5646008BA5CC /* Debug */ = {
			isa = XCBuildConfiguration;
			baseConfigurationReference = A6E1B91B348D424BD577AD5C /* Pods-Xenniflen Trancrexfan.debug.xcconfig */;
			buildSettings = {
				ASSETCATALOG_COMPILER_APPICON_NAME = AppIcon;
				ASSETCATALOG_COMPILER_GLOBAL_ACCENT_COLOR_NAME = AccentColor;
				CODE_SIGN_STYLE = Automatic;
				CURRENT_PROJECT_VERSION = 2;
				GENERATE_INFOPLIST_FILE = YES;
				INFOPLIST_FILE = "Xenniflen Trancrexfan/Info.plist";
				INFOPLIST_KEY_CFBundleDisplayName = "Star Path to Calm";
				INFOPLIST_KEY_UIApplicationSupportsIndirectInputEvents = YES;
				INFOPLIST_KEY_UILaunchStoryboardName = LaunchScreen;
				INFOPLIST_KEY_UIMainStoryboardFile = Main;
				INFOPLIST_KEY_UIRequiresFullScreen = YES;
				INFOPLIST_KEY_UISupportedInterfaceOrientations = UIInterfaceOrientationPortrait;
				INFOPLIST_KEY_UISupportedInterfaceOrientations_iPad = "UIInterfaceOrientationPortrait UIInterfaceOrientationPortraitUpsideDown";
				INFOPLIST_KEY_UIUserInterfaceStyle = Dark;
				IPHONEOS_DEPLOYMENT_TARGET = 17;
				LD_RUNPATH_SEARCH_PATHS = (
					"$(inherited)",
					"@executable_path/Frameworks",
				);
				MARKETING_VERSION = 1.0;
				PRODUCT_BUNDLE_IDENTIFIER = com.har.b3n2c8ml;
				PRODUCT_NAME = "$(TARGET_NAME)";
				STRING_CATALOG_GENERATE_SYMBOLS = YES;
				SUPPORTED_PLATFORMS = "iphoneos iphonesimulator";
				SUPPORTS_MACCATALYST = NO;
				SUPPORTS_MAC_DESIGNED_FOR_IPHONE_IPAD = NO;
				SUPPORTS_XR_DESIGNED_FOR_IPHONE_IPAD = NO;
				SWIFT_APPROACHABLE_CONCURRENCY = YES;
				SWIFT_DEFAULT_ACTOR_ISOLATION = MainActor;
				SWIFT_EMIT_LOC_STRINGS = YES;
				SWIFT_UPCOMING_FEATURE_MEMBER_IMPORT_VISIBILITY = YES;
				SWIFT_VERSION = 5.0;
				TARGETED_DEVICE_FAMILY = 1;
			};
			name = Debug;
		};
		7481781F2F5B5646008BA5CC /* Release */ = {
			isa = XCBuildConfiguration;
			baseConfigurationReference = BD064EA59D77F75846B2986B /* Pods-Xenniflen Trancrexfan.release.xcconfig */;
			buildSettings = {
				ASSETCATALOG_COMPILER_APPICON_NAME = AppIcon;
				ASSETCATALOG_COMPILER_GLOBAL_ACCENT_COLOR_NAME = AccentColor;
				CODE_SIGN_STYLE = Automatic;
				CURRENT_PROJECT_VERSION = 2;
				GENERATE_INFOPLIST_FILE = YES;
				INFOPLIST_FILE = "Xenniflen Trancrexfan/Info.plist";
				INFOPLIST_KEY_CFBundleDisplayName = "Star Path to Calm";
				INFOPLIST_KEY_UIApplicationSupportsIndirectInputEvents = YES;
				INFOPLIST_KEY_UILaunchStoryboardName = LaunchScreen;
				INFOPLIST_KEY_UIMainStoryboardFile = Main;
				INFOPLIST_KEY_UIRequiresFullScreen = YES;
				INFOPLIST_KEY_UISupportedInterfaceOrientations = UIInterfaceOrientationPortrait;
				INFOPLIST_KEY_UISupportedInterfaceOrientations_iPad = "UIInterfaceOrientationPortrait UIInterfaceOrientationPortraitUpsideDown";
				INFOPLIST_KEY_UIUserInterfaceStyle = Dark;
				IPHONEOS_DEPLOYMENT_TARGET = 17;
				LD_RUNPATH_SEARCH_PATHS = (
					"$(inherited)",
					"@executable_path/Frameworks",
				);
				MARKETING_VERSION = 1.0;
				PRODUCT_BUNDLE_IDENTIFIER = com.har.b3n2c8ml;
				PRODUCT_NAME = "$(TARGET_NAME)";
				STRING_CATALOG_GENERATE_SYMBOLS = YES;
				SUPPORTED_PLATFORMS = "iphoneos iphonesimulator";
				SUPPORTS_MACCATALYST = NO;
				SUPPORTS_MAC_DESIGNED_FOR_IPHONE_IPAD = NO;
				SUPPORTS_XR_DESIGNED_FOR_IPHONE_IPAD = NO;
				SWIFT_APPROACHABLE_CONCURRENCY = YES;
				SWIFT_DEFAULT_ACTOR_ISOLATION = MainActor;
				SWIFT_EMIT_LOC_STRINGS = YES;
				SWIFT_UPCOMING_FEATURE_MEMBER_IMPORT_VISIBILITY = YES;
				SWIFT_VERSION = 5.0;
				TARGETED_DEVICE_FAMILY = 1;
			};
			name = Release;
		};
		748178202F5B5646008BA5CC /* Debug */ = {
			isa = XCBuildConfiguration;
			buildSettings = {
				ALWAYS_SEARCH_USER_PATHS = NO;
				ASSETCATALOG_COMPILER_GENERATE_SWIFT_ASSET_SYMBOL_EXTENSIONS = YES;
				CLANG_ANALYZER_NONNULL = YES;
				CLANG_ANALYZER_NUMBER_OBJECT_CONVERSION = YES_AGGRESSIVE;
				CLANG_CXX_LANGUAGE_STANDARD = "gnu++20";
				CLANG_ENABLE_MODULES = YES;
				CLANG_ENABLE_OBJC_ARC = YES;
				CLANG_ENABLE_OBJC_WEAK = YES;
				CLANG_WARN_BLOCK_CAPTURE_AUTORELEASING = YES;
				CLANG_WARN_BOOL_CONVERSION = YES;
				CLANG_WARN_COMMA = YES;
				CLANG_WARN_CONSTANT_CONVERSION = YES;
				CLANG_WARN_DEPRECATED_OBJC_IMPLEMENTATIONS = YES;
				CLANG_WARN_DIRECT_OBJC_ISA_USAGE = YES_ERROR;
				CLANG_WARN_DOCUMENTATION_COMMENTS = YES;
				CLANG_WARN_EMPTY_BODY = YES;
				CLANG_WARN_ENUM_CONVERSION = YES;
				CLANG_WARN_INFINITE_RECURSION = YES;
				CLANG_WARN_INT_CONVERSION = YES;
				CLANG_WARN_NON_LITERAL_NULL_CONVERSION = YES;
				CLANG_WARN_OBJC_IMPLICIT_RETAIN_SELF = YES;
				CLANG_WARN_OBJC_LITERAL_CONVERSION = YES;
				CLANG_WARN_OBJC_ROOT_CLASS = YES_ERROR;
				CLANG_WARN_QUOTED_INCLUDE_IN_FRAMEWORK_HEADER = YES;
				CLANG_WARN_RANGE_LOOP_ANALYSIS = YES;
				CLANG_WARN_STRICT_PROTOTYPES = YES;
				CLANG_WARN_SUSPICIOUS_MOVE = YES;
				CLANG_WARN_UNGUARDED_AVAILABILITY = YES_AGGRESSIVE;
				CLANG_WARN_UNREACHABLE_CODE = YES;
				CLANG_WARN__DUPLICATE_METHOD_MATCH = YES;
				COPY_PHASE_STRIP = NO;
				DEBUG_INFORMATION_FORMAT = dwarf;
				ENABLE_STRICT_OBJC_MSGSEND = YES;
				ENABLE_TESTABILITY = YES;
				ENABLE_USER_SCRIPT_SANDBOXING = YES;
				GCC_C_LANGUAGE_STANDARD = gnu17;
				GCC_DYNAMIC_NO_PIC = NO;
				GCC_NO_COMMON_BLOCKS = YES;
				GCC_OPTIMIZATION_LEVEL = 0;
				GCC_PREPROCESSOR_DEFINITIONS = (
					"DEBUG=1",
					"$(inherited)",
				);
				GCC_WARN_64_TO_32_BIT_CONVERSION = YES;
				GCC_WARN_ABOUT_RETURN_TYPE = YES_ERROR;
				GCC_WARN_UNDECLARED_SELECTOR = YES;
				GCC_WARN_UNINITIALIZED_AUTOS = YES_AGGRESSIVE;
				GCC_WARN_UNUSED_FUNCTION = YES;
				GCC_WARN_UNUSED_VARIABLE = YES;
				IPHONEOS_DEPLOYMENT_TARGET = 26.2;
				LOCALIZATION_PREFERS_STRING_CATALOGS = YES;
				MTL_ENABLE_DEBUG_INFO = INCLUDE_SOURCE;
				MTL_FAST_MATH = YES;
				ONLY_ACTIVE_ARCH = YES;
				SDKROOT = iphoneos;
				SWIFT_ACTIVE_COMPILATION_CONDITIONS = "DEBUG $(inherited)";
				SWIFT_OPTIMIZATION_LEVEL = "-Onone";
			};
			name = Debug;
		};
		748178212F5B5646008BA5CC /* Release */ = {
			isa = XCBuildConfiguration;
			buildSettings = {
				ALWAYS_SEARCH_USER_PATHS = NO;
				ASSETCATALOG_COMPILER_GENERATE_SWIFT_ASSET_SYMBOL_EXTENSIONS = YES;
				CLANG_ANALYZER_NONNULL = YES;
				CLANG_ANALYZER_NUMBER_OBJECT_CONVERSION = YES_AGGRESSIVE;
				CLANG_CXX_LANGUAGE_STANDARD = "gnu++20";
				CLANG_ENABLE_MODULES = YES;
				CLANG_ENABLE_OBJC_ARC = YES;
				CLANG_ENABLE_OBJC_WEAK = YES;
				CLANG_WARN_BLOCK_CAPTURE_AUTORELEASING = YES;
				CLANG_WARN_BOOL_CONVERSION = YES;
				CLANG_WARN_COMMA = YES;
				CLANG_WARN_CONSTANT_CONVERSION = YES;
				CLANG_WARN_DEPRECATED_OBJC_IMPLEMENTATIONS = YES;
				CLANG_WARN_DIRECT_OBJC_ISA_USAGE = YES_ERROR;
				CLANG_WARN_DOCUMENTATION_COMMENTS = YES;
				CLANG_WARN_EMPTY_BODY = YES;
				CLANG_WARN_ENUM_CONVERSION = YES;
				CLANG_WARN_INFINITE_RECURSION = YES;
				CLANG_WARN_INT_CONVERSION = YES;
				CLANG_WARN_NON_LITERAL_NULL_CONVERSION = YES;
				CLANG_WARN_OBJC_IMPLICIT_RETAIN_SELF = YES;
				CLANG_WARN_OBJC_LITERAL_CONVERSION = YES;
				CLANG_WARN_OBJC_ROOT_CLASS = YES_ERROR;
				CLANG_WARN_QUOTED_INCLUDE_IN_FRAMEWORK_HEADER = YES;
				CLANG_WARN_RANGE_LOOP_ANALYSIS = YES;
				CLANG_WARN_STRICT_PROTOTYPES = YES;
				CLANG_WARN_SUSPICIOUS_MOVE = YES;
				CLANG_WARN_UNGUARDED_AVAILABILITY = YES_AGGRESSIVE;
				CLANG_WARN_UNREACHABLE_CODE = YES;
				CLANG_WARN__DUPLICATE_METHOD_MATCH = YES;
				COPY_PHASE_STRIP = NO;
				DEBUG_INFORMATION_FORMAT = "dwarf-with-dsym";
				ENABLE_NS_ASSERTIONS = NO;
				ENABLE_STRICT_OBJC_MSGSEND = YES;
				ENABLE_USER_SCRIPT_SANDBOXING = YES;
				GCC_C_LANGUAGE_STANDARD = gnu17;
				GCC_NO_COMMON_BLOCKS = YES;
				GCC_WARN_64_TO_32_BIT_CONVERSION = YES;
				GCC_WARN_ABOUT_RETURN_TYPE = YES_ERROR;
				GCC_WARN_UNDECLARED_SELECTOR = YES;
				GCC_WARN_UNINITIALIZED_AUTOS = YES_AGGRESSIVE;
				GCC_WARN_UNUSED_FUNCTION = YES;
				GCC_WARN_UNUSED_VARIABLE = YES;
				IPHONEOS_DEPLOYMENT_TARGET = 26.2;
				LOCALIZATION_PREFERS_STRING_CATALOGS = YES;
				MTL_ENABLE_DEBUG_INFO = NO;
				MTL_FAST_MATH = YES;
				SDKROOT = iphoneos;
				SWIFT_COMPILATION_MODE = wholemodule;
				VALIDATE_PRODUCT = YES;
			};
			name = Release;
		};
/* End XCBuildConfiguration section */

/* Begin XCConfigurationList section */
		748178052F5B5645008BA5CC /* Build configuration list for PBXProject "Xenniflen Trancrexfan" */ = {
			isa = XCConfigurationList;
			buildConfigurations = (
				748178202F5B5646008BA5CC /* Debug */,
				748178212F5B5646008BA5CC /* Release */,
			);
			defaultConfigurationIsVisible = 0;
			defaultConfigurationName = Release;
		};
		7481781D2F5B5646008BA5CC /* Build configuration list for PBXNativeTarget "Xenniflen Trancrexfan" */ = {
			isa = XCConfigurationList;
			buildConfigurations = (
				7481781E2F5B5646008BA5CC /* Debug */,
				7481781F2F5B5646008BA5CC /* Release */,
			);
			defaultConfigurationIsVisible = 0;
			defaultConfigurationName = Release;
		};
/* End XCConfigurationList section */
	};
	rootObject = 748178022F5B5645008BA5CC /* Project object */;
}
